
Microsoft Visual Studio Solution File, Format Version 12.00
# Visual Studio Version 17
VisualStudioVersion = 17.5.33530.505
MinimumVisualStudioVersion = 10.0.40219.1
Project("{FAE04EC0-301F-11D3-BF4B-00C04F79EFBC}") = "WebApp", "WebApp\WebApp.csproj", "{7B88B0AD-72BD-4993-8DDB-F0DB8E8FE04C}"
EndProject
Global
	GlobalSection(SolutionConfigurationPlatforms) = preSolution
		Debug|Any CPU = Debug|Any CPU
		Release|Any CPU = Release|Any CPU
	EndGlobalSection
	GlobalSection(ProjectConfigurationPlatforms) = postSolution
		{7B88B0AD-72BD-4993-8DDB-F0DB8E8FE04C}.Debug|Any CPU.ActiveCfg = Debug|Any CPU
		{7B88B0AD-72BD-4993-8DDB-F0DB8E8FE04C}.Debug|Any CPU.Build.0 = Debug|Any CPU
		{7B88B0AD-72BD-4993-8DDB-F0DB8E8FE04C}.Release|Any CPU.ActiveCfg = Release|Any CPU
		{7B88B0AD-72BD-4993-8DDB-F0DB8E8FE04C}.Release|Any CPU.Build.0 = Release|Any CPU
	EndGlobalSection
	GlobalSection(SolutionProperties) = preSolution
		HideSolutionNode = FALSE
	EndGlobalSection
	GlobalSection(ExtensibilityGlobals) = postSolution
		SolutionGuid = {948A0324-9E17-4359-A346-60F3C9604BDB}
	EndGlobalSection
EndGlobal
